
Microsoft Visual Studio Solution File, Format Version 12.00
# Visual Studio Version 16
VisualStudioVersion = 16.0.31112.23
MinimumVisualStudioVersion = 10.0.40219.1
Project("{FAE04EC0-301F-11D3-BF4B-00C04F79EFBC}") = "FlightGearTestExec", "FlightGearTestExec.csproj", "{A4CB135C-3795-4211-990A-A6045AEED1AA}"
EndProject
Global
	GlobalSection(SolutionConfigurationPlatforms) = preSolution
		Debug|Any CPU = Debug|Any CPU
		Release|Any CPU = Release|Any CPU
	EndGlobalSection
	GlobalSection(ProjectConfigurationPlatforms) = postSolution
		{A4CB135C-3795-4211-990A-A6045AEED1AA}.Debug|Any CPU.ActiveCfg = Debug|Any CPU
		{A4CB135C-3795-4211-990A-A6045AEED1AA}.Debug|Any CPU.Build.0 = Debug|Any CPU
		{A4CB135C-3795-4211-990A-A6045AEED1AA}.Release|Any CPU.ActiveCfg = Release|Any CPU
		{A4CB135C-3795-4211-990A-A6045AEED1AA}.Release|Any CPU.Build.0 = Release|Any CPU
	EndGlobalSection
	GlobalSection(SolutionProperties) = preSolution
		HideSolutionNode = FALSE
	EndGlobalSection
	GlobalSection(ExtensibilityGlobals) = postSolution
		SolutionGuid = {8C3CA556-A69D-4E3F-84CC-50C601364A5E}
	EndGlobalSection
EndGlobal
