
Microsoft Visual Studio Solution File, Format Version 12.00
# Visual Studio Version 16
VisualStudioVersion = 16.0.31112.23
MinimumVisualStudioVersion = 10.0.40219.1
Project("{FAE04EC0-301F-11D3-BF4B-00C04F79EFBC}") = "WPF_OpenFileExplorer", "WPF_OpenFileExplorer\WPF_OpenFileExplorer.csproj", "{C18D231C-1F67-4978-9884-22122CB3FCA0}"
EndProject
Global
	GlobalSection(SolutionConfigurationPlatforms) = preSolution
		Debug|Any CPU = Debug|Any CPU
		Release|Any CPU = Release|Any CPU
	EndGlobalSection
	GlobalSection(ProjectConfigurationPlatforms) = postSolution
		{C18D231C-1F67-4978-9884-22122CB3FCA0}.Debug|Any CPU.ActiveCfg = Debug|Any CPU
		{C18D231C-1F67-4978-9884-22122CB3FCA0}.Debug|Any CPU.Build.0 = Debug|Any CPU
		{C18D231C-1F67-4978-9884-22122CB3FCA0}.Release|Any CPU.ActiveCfg = Release|Any CPU
		{C18D231C-1F67-4978-9884-22122CB3FCA0}.Release|Any CPU.Build.0 = Release|Any CPU
	EndGlobalSection
	GlobalSection(SolutionProperties) = preSolution
		HideSolutionNode = FALSE
	EndGlobalSection
	GlobalSection(ExtensibilityGlobals) = postSolution
		SolutionGuid = {292CDDDF-3008-4D36-AA3A-B51065419A54}
	EndGlobalSection
EndGlobal
